
Microsoft Visual Studio Solution File, Format Version 11.00
# Visual Studio 2010
# SharpDevelop 5.1
Project("{FAE04EC0-301F-11D3-BF4B-00C04F79EFBC}") = "empresa", "empresa\empresa.csproj", "{B7F5458B-FEC2-4E71-925E-539FC5B78DAE}"
EndProject
Global
	GlobalSection(SolutionConfigurationPlatforms) = preSolution
		Debug|Any CPU = Debug|Any CPU
		Release|Any CPU = Release|Any CPU
	EndGlobalSection
	GlobalSection(ProjectConfigurationPlatforms) = postSolution
		{B7F5458B-FEC2-4E71-925E-539FC5B78DAE}.Debug|Any CPU.ActiveCfg = Debug|Any CPU
		{B7F5458B-FEC2-4E71-925E-539FC5B78DAE}.Debug|Any CPU.Build.0 = Debug|Any CPU
		{B7F5458B-FEC2-4E71-925E-539FC5B78DAE}.Release|Any CPU.ActiveCfg = Release|Any CPU
		{B7F5458B-FEC2-4E71-925E-539FC5B78DAE}.Release|Any CPU.Build.0 = Release|Any CPU
	EndGlobalSection
EndGlobal
